// !$*UTF8*$!
{
	archiveVersion = 1;
	classes = {
	};
	objectVersion = 50;
	objects = {

/* Begin PBXBuildFile section */
		A441F3772147359800E5412A /* AppDelegate.swift in Sources */ = {isa = PBXBuildFile; fileRef = A441F3762147359800E5412A /* AppDelegate.swift */; };
		A441F3792147359800E5412A /* ViewController.swift in Sources */ = {isa = PBXBuildFile; fileRef = A441F3782147359800E5412A /* ViewController.swift */; };
		A441F37C2147359800E5412A /* Main.storyboard in Resources */ = {isa = PBXBuildFile; fileRef = A441F37A2147359800E5412A /* Main.storyboard */; };
		A441F37E2147359900E5412A /* Assets.xcassets in Resources */ = {isa = PBXBuildFile; fileRef = A441F37D2147359900E5412A /* Assets.xcassets */; };
		A441F3812147359900E5412A /* LaunchScreen.storyboard in Resources */ = {isa = PBXBuildFile; fileRef = A441F37F2147359900E5412A /* LaunchScreen.storyboard */; };
		AFE5397730FDF8D108053AE7 /* Pods_iRoom_Register.framework in Frameworks */ = {isa = PBXBuildFile; fileRef = BB4151B6E1A57882715A70B1 /* Pods_iRoom_Register.framework */; };
/* End PBXBuildFile section */

/* Begin PBXFileReference section */
		40AEC120969EAEBA238C211D /* Pods-iRoom-Register.debug.xcconfig */ = {isa = PBXFileReference; includeInIndex = 1; lastKnownFileType = text.xcconfig; name = "Pods-iRoom-Register.debug.xcconfig"; path = "Pods/Target Support Files/Pods-iRoom-Register/Pods-iRoom-Register.debug.xcconfig"; sourceTree = "<group>"; };
		A441F3732147359800E5412A /* iRoom-Register.app */ = {isa = PBXFileReference; explicitFileType = wrapper.application; includeInIndex = 0; path = "iRoom-Register.app"; sourceTree = BUILT_PRODUCTS_DIR; };
		A441F3762147359800E5412A /* AppDelegate.swift */ = {isa = PBXFileReference; lastKnownFileType = sourcecode.swift; path = AppDelegate.swift; sourceTree = "<group>"; };
		A441F3782147359800E5412A /* ViewController.swift */ = {isa = PBXFileReference; lastKnownFileType = sourcecode.swift; path = ViewController.swift; sourceTree = "<group>"; };
		A441F37B2147359800E5412A /* Base */ = {isa = PBXFileReference; lastKnownFileType = file.storyboard; name = Base; path = Base.lproj/Main.storyboard; sourceTree = "<group>"; };
		A441F37D2147359900E5412A /* Assets.xcassets */ = {isa = PBXFileReference; lastKnownFileType = folder.assetcatalog; path = Assets.xcassets; sourceTree = "<group>"; };
		A441F3802147359900E5412A /* Base */ = {isa = PBXFileReference; lastKnownFileType = file.storyboard; name = Base; path = Base.lproj/LaunchScreen.storyboard; sourceTree = "<group>"; };
		A441F3822147359900E5412A /* Info.plist */ = {isa = PBXFileReference; lastKnownFileType = text.plist.xml; path = Info.plist; sourceTree = "<group>"; };
		BB4151B6E1A57882715A70B1 /* Pods_iRoom_Register.framework */ = {isa = PBXFileReference; explicitFileType = wrapper.framework; includeInIndex = 0; path = Pods_iRoom_Register.framework; sourceTree = BUILT_PRODUCTS_DIR; };
		CE0B16F951352AE9E71AA51D /* Pods-iRoom-Register.release.xcconfig */ = {isa = PBXFileReference; includeInIndex = 1; lastKnownFileType = text.xcconfig; name = "Pods-iRoom-Register.release.xcconfig"; path = "Pods/Target Support Files/Pods-iRoom-Register/Pods-iRoom-Register.release.xcconfig"; sourceTree = "<group>"; };
/* End PBXFileReference section */

/* Begin PBXFrameworksBuildPhase section */
		A441F3702147359800E5412A /* Frameworks */ = {
			isa = PBXFrameworksBuildPhase;
			buildActionMask = 2147483647;
			files = (
				AFE5397730FDF8D108053AE7 /* Pods_iRoom_Register.framework in Frameworks */,
			);
			runOnlyForDeploymentPostprocessing = 0;
		};
/* End PBXFrameworksBuildPhase section */

/* Begin PBXGroup section */
		46A47FBCCB823CB2BA96AE98 /* Frameworks */ = {
			isa = PBXGroup;
			children = (
				BB4151B6E1A57882715A70B1 /* Pods_iRoom_Register.framework */,
			);
			name = Frameworks;
			sourceTree = "<group>";
		};
		A441F36A2147359800E5412A = {
			isa = PBXGroup;
			children = (
				A441F3752147359800E5412A /* iRoom-Register */,
				A441F3742147359800E5412A /* Products */,
				D446DA360ED2D454EEE6CA36 /* Pods */,
				46A47FBCCB823CB2BA96AE98 /* Frameworks */,
			);
			sourceTree = "<group>";
		};
		A441F3742147359800E5412A /* Products */ = {
			isa = PBXGroup;
			children = (
				A441F3732147359800E5412A /* iRoom-Register.app */,
			);
			name = Products;
			sourceTree = "<group>";
		};
		A441F3752147359800E5412A /* iRoom-Register */ = {
			isa = PBXGroup;
			children = (
				A441F3762147359800E5412A /* AppDelegate.swift */,
				A441F3782147359800E5412A /* ViewController.swift */,
				A441F37A2147359800E5412A /* Main.storyboard */,
				A441F37D2147359900E5412A /* Assets.xcassets */,
				A441F37F2147359900E5412A /* LaunchScreen.storyboard */,
				A441F3822147359900E5412A /* Info.plist */,
			);
			path = "iRoom-Register";
			sourceTree = "<group>";
		};
		D446DA360ED2D454EEE6CA36 /* Pods */ = {
			isa = PBXGroup;
			children = (
				40AEC120969EAEBA238C211D /* Pods-iRoom-Register.debug.xcconfig */,
				CE0B16F951352AE9E71AA51D /* Pods-iRoom-Register.release.xcconfig */,
			);
			name = Pods;
			sourceTree = "<group>";
		};
/* End PBXGroup section */

/* Begin PBXNativeTarget section */
		A441F3722147359800E5412A /* iRoom-Register */ = {
			isa = PBXNativeTarget;
			buildConfigurationList = A441F3852147359900E5412A /* Build configuration list for PBXNativeTarget "iRoom-Register" */;
			buildPhases = (
				171CDEFB3A27595FCFB3AEE2 /* [CP] Check Pods Manifest.lock */,
				A441F36F2147359800E5412A /* Sources */,
				A441F3702147359800E5412A /* Frameworks */,
				A441F3712147359800E5412A /* Resources */,
				F501BBFC05D5D36EFC14C5CC /* [CP] Embed Pods Frameworks */,
			);
			buildRules = (
			);
			dependencies = (
			);
			name = "iRoom-Register";
			productName = "iRoom-Register";
			productReference = A441F3732147359800E5412A /* iRoom-Register.app */;
			productType = "com.apple.product-type.application";
		};
/* End PBXNativeTarget section */

/* Begin PBXProject section */
		A441F36B2147359800E5412A /* Project object */ = {
			isa = PBXProject;
			attributes = {
				LastSwiftUpdateCheck = 0930;
				LastUpgradeCheck = 0930;
				ORGANIZATIONNAME = "Adedayo Okeowo";
				TargetAttributes = {
					A441F3722147359800E5412A = {
						CreatedOnToolsVersion = 9.3;
					};
				};
			};
			buildConfigurationList = A441F36E2147359800E5412A /* Build configuration list for PBXProject "iRoom-Register" */;
			compatibilityVersion = "Xcode 9.3";
			developmentRegion = en;
			hasScannedForEncodings = 0;
			knownRegions = (
				en,
				Base,
			);
			mainGroup = A441F36A2147359800E5412A;
			productRefGroup = A441F3742147359800E5412A /* Products */;
			projectDirPath = "";
			projectRoot = "";
			targets = (
				A441F3722147359800E5412A /* iRoom-Register */,
			);
		};
/* End PBXProject section */

/* Begin PBXResourcesBuildPhase section */
		A441F3712147359800E5412A /* Resources */ = {
			isa = PBXResourcesBuildPhase;
			buildActionMask = 2147483647;
			files = (
				A441F3812147359900E5412A /* LaunchScreen.storyboard in Resources */,
				A441F37E2147359900E5412A /* Assets.xcassets in Resources */,
				A441F37C2147359800E5412A /* Main.storyboard in Resources */,
			);
			runOnlyForDeploymentPostprocessing = 0;
		};
/* End PBXResourcesBuildPhase section */

/* Begin PBXShellScriptBuildPhase section */
		171CDEFB3A27595FCFB3AEE2 /* [CP] Check Pods Manifest.lock */ = {
			isa = PBXShellScriptBuildPhase;
			buildActionMask = 2147483647;
			files = (
			);
			inputFileListPaths = (
			);
			inputPaths = (
				"${PODS_PODFILE_DIR_PATH}/Podfile.lock",
				"${PODS_ROOT}/Manifest.lock",
			);
			name = "[CP] Check Pods Manifest.lock";
			outputFileListPaths = (
			);
			outputPaths = (
				"$(DERIVED_FILE_DIR)/Pods-iRoom-Register-checkManifestLockResult.txt",
			);
			runOnlyForDeploymentPostprocessing = 0;
			shellPath = /bin/sh;
			shellScript = "diff \"${PODS_PODFILE_DIR_PATH}/Podfile.lock\" \"${PODS_ROOT}/Manifest.lock\" > /dev/null\nif [ $? != 0 ] ; then\n    # print error to STDERR\n    echo \"error: The sandbox is not in sync with the Podfile.lock. Run 'pod install' or update your CocoaPods installation.\" >&2\n    exit 1\nfi\n# This output is used by Xcode 'outputs' to avoid re-running this script phase.\necho \"SUCCESS\" > \"${SCRIPT_OUTPUT_FILE_0}\"\n";
			showEnvVarsInLog = 0;
		};
		F501BBFC05D5D36EFC14C5CC /* [CP] Embed Pods Frameworks */ = {
			isa = PBXShellScriptBuildPhase;
			buildActionMask = 2147483647;
			files = (
			);
			inputFileListPaths = (
			);
			inputPaths = (
				"${SRCROOT}/Pods/Target Support Files/Pods-iRoom-Register/Pods-iRoom-Register-frameworks.sh",
				"${BUILT_PRODUCTS_DIR}/Alamofire/Alamofire.framework",
			);
			name = "[CP] Embed Pods Frameworks";
			outputFileListPaths = (
			);
			outputPaths = (
				"${TARGET_BUILD_DIR}/${FRAMEWORKS_FOLDER_PATH}/Alamofire.framework",
			);
			runOnlyForDeploymentPostprocessing = 0;
			shellPath = /bin/sh;
			shellScript = "\"${SRCROOT}/Pods/Target Support Files/Pods-iRoom-Register/Pods-iRoom-Register-frameworks.sh\"\n";
			showEnvVarsInLog = 0;
		};
/* End PBXShellScriptBuildPhase section */

/* Begin PBXSourcesBuildPhase section */
		A441F36F2147359800E5412A /* Sources */ = {
			isa = PBXSourcesBuildPhase;
			buildActionMask = 2147483647;
			files = (
				A441F3792147359800E5412A /* ViewController.swift in Sources */,
				A441F3772147359800E5412A /* AppDelegate.swift in Sources */,
			);
			runOnlyForDeploymentPostprocessing = 0;
		};
/* End PBXSourcesBuildPhase section */

/* Begin PBXVariantGroup section */
		A441F37A2147359800E5412A /* Main.storyboard */ = {
			isa = PBXVariantGroup;
			children = (
				A441F37B2147359800E5412A /* Base */,
			);
			name = Main.storyboard;
			sourceTree = "<group>";
		};
		A441F37F2147359900E5412A /* LaunchScreen.storyboard */ = {
			isa = PBXVariantGroup;
			children = (
				A441F3802147359900E5412A /* Base */,
			);
			name = LaunchScreen.storyboard;
			sourceTree = "<group>";
		};
/* End PBXVariantGroup section */

/* Begin XCBuildConfiguration section */
		A441F3832147359900E5412A /* Debug */ = {
			isa = XCBuildConfiguration;
			buildSettings = {
				ALWAYS_SEARCH_USER_PATHS = NO;
				CLANG_ANALYZER_NONNULL = YES;
				CLANG_ANALYZER_NUMBER_OBJECT_CONVERSION = YES_AGGRESSIVE;
				CLANG_CXX_LANGUAGE_STANDARD = "gnu++14";
				CLANG_CXX_LIBRARY = "libc++";
				CLANG_ENABLE_MODULES = YES;
				CLANG_ENABLE_OBJC_ARC = YES;
				CLANG_ENABLE_OBJC_WEAK = YES;
				CLANG_WARN_BLOCK_CAPTURE_AUTORELEASING = YES;
				CLANG_WARN_BOOL_CONVERSION = YES;
				CLANG_WARN_COMMA = YES;
				CLANG_WARN_CONSTANT_CONVERSION = YES;
				CLANG_WARN_DEPRECATED_OBJC_IMPLEMENTATIONS = YES;
				CLANG_WARN_DIRECT_OBJC_ISA_USAGE = YES_ERROR;
				CLANG_WARN_DOCUMENTATION_COMMENTS = YES;
				CLANG_WARN_EMPTY_BODY = YES;
				CLANG_WARN_ENUM_CONVERSION = YES;
				CLANG_WARN_INFINITE_RECURSION = YES;
				CLANG_WARN_INT_CONVERSION = YES;
				CLANG_WARN_NON_LITERAL_NULL_CONVERSION = YES;
				CLANG_WARN_OBJC_IMPLICIT_RETAIN_SELF = YES;
				CLANG_WARN_OBJC_LITERAL_CONVERSION = YES;
				CLANG_WARN_OBJC_ROOT_CLASS = YES_ERROR;
				CLANG_WARN_RANGE_LOOP_ANALYSIS = YES;
				CLANG_WARN_STRICT_PROTOTYPES = YES;
				CLANG_WARN_SUSPICIOUS_MOVE = YES;
				CLANG_WARN_UNGUARDED_AVAILABILITY = YES_AGGRESSIVE;
				CLANG_WARN_UNREACHABLE_CODE = YES;
				CLANG_WARN__DUPLICATE_METHOD_MATCH = YES;
				CODE_SIGN_IDENTITY = "iPhone Developer";
				COPY_PHASE_STRIP = NO;
				DEBUG_INFORMATION_FORMAT = dwarf;
				ENABLE_STRICT_OBJC_MSGSEND = YES;
				ENABLE_TESTABILITY = YES;
				GCC_C_LANGUAGE_STANDARD = gnu11;
				GCC_DYNAMIC_NO_PIC = NO;
				GCC_NO_COMMON_BLOCKS = YES;
				GCC_OPTIMIZATION_LEVEL = 0;
				GCC_PREPROCESSOR_DEFINITIONS = (
					"DEBUG=1",
					"$(inherited)",
				);
				GCC_WARN_64_TO_32_BIT_CONVERSION = YES;
				GCC_WARN_ABOUT_RETURN_TYPE = YES_ERROR;
				GCC_WARN_UNDECLARED_SELECTOR = YES;
				GCC_WARN_UNINITIALIZED_AUTOS = YES_AGGRESSIVE;
				GCC_WARN_UNUSED_FUNCTION = YES;
				GCC_WARN_UNUSED_VARIABLE = YES;
				IPHONEOS_DEPLOYMENT_TARGET = 11.3;
				MTL_ENABLE_DEBUG_INFO = YES;
				ONLY_ACTIVE_ARCH = YES;
				SDKROOT = iphoneos;
				SWIFT_ACTIVE_COMPILATION_CONDITIONS = DEBUG;
				SWIFT_OPTIMIZATION_LEVEL = "-Onone";
			};
			name = Debug;
		};
		A441F3842147359900E5412A /* Release */ = {
			isa = XCBuildConfiguration;
			buildSettings = {
				ALWAYS_SEARCH_USER_PATHS = NO;
				CLANG_ANALYZER_NONNULL = YES;
				CLANG_ANALYZER_NUMBER_OBJECT_CONVERSION = YES_AGGRESSIVE;
				CLANG_CXX_LANGUAGE_STANDARD = "gnu++14";
				CLANG_CXX_LIBRARY = "libc++";
				CLANG_ENABLE_MODULES = YES;
				CLANG_ENABLE_OBJC_ARC = YES;
				CLANG_ENABLE_OBJC_WEAK = YES;
				CLANG_WARN_BLOCK_CAPTURE_AUTORELEASING = YES;
				CLANG_WARN_BOOL_CONVERSION = YES;
				CLANG_WARN_COMMA = YES;
				CLANG_WARN_CONSTANT_CONVERSION = YES;
				CLANG_WARN_DEPRECATED_OBJC_IMPLEMENTATIONS = YES;
				CLANG_WARN_DIRECT_OBJC_ISA_USAGE = YES_ERROR;
				CLANG_WARN_DOCUMENTATION_COMMENTS = YES;
				CLANG_WARN_EMPTY_BODY = YES;
				CLANG_WARN_ENUM_CONVERSION = YES;
				CLANG_WARN_INFINITE_RECURSION = YES;
				CLANG_WARN_INT_CONVERSION = YES;
				CLANG_WARN_NON_LITERAL_NULL_CONVERSION = YES;
				CLANG_WARN_OBJC_IMPLICIT_RETAIN_SELF = YES;
				CLANG_WARN_OBJC_LITERAL_CONVERSION = YES;
				CLANG_WARN_OBJC_ROOT_CLASS = YES_ERROR;
				CLANG_WARN_RANGE_LOOP_ANALYSIS = YES;
				CLANG_WARN_STRICT_PROTOTYPES = YES;
				CLANG_WARN_SUSPICIOUS_MOVE = YES;
				CLANG_WARN_UNGUARDED_AVAILABILITY = YES_AGGRESSIVE;
				CLANG_WARN_UNREACHABLE_CODE = YES;
				CLANG_WARN__DUPLICATE_METHOD_MATCH = YES;
				CODE_SIGN_IDENTITY = "iPhone Developer";
				COPY_PHASE_STRIP = NO;
				DEBUG_INFORMATION_FORMAT = "dwarf-with-dsym";
				ENABLE_NS_ASSERTIONS = NO;
				ENABLE_STRICT_OBJC_MSGSEND = YES;
				GCC_C_LANGUAGE_STANDARD = gnu11;
				GCC_NO_COMMON_BLOCKS = YES;
				GCC_WARN_64_TO_32_BIT_CONVERSION = YES;
				GCC_WARN_ABOUT_RETURN_TYPE = YES_ERROR;
				GCC_WARN_UNDECLARED_SELECTOR = YES;
				GCC_WARN_UNINITIALIZED_AUTOS = YES_AGGRESSIVE;
				GCC_WARN_UNUSED_FUNCTION = YES;
				GCC_WARN_UNUSED_VARIABLE = YES;
				IPHONEOS_DEPLOYMENT_TARGET = 11.3;
				MTL_ENABLE_DEBUG_INFO = NO;
				SDKROOT = iphoneos;
				SWIFT_COMPILATION_MODE = wholemodule;
				SWIFT_OPTIMIZATION_LEVEL = "-O";
				VALIDATE_PRODUCT = YES;
			};
			name = Release;
		};
		A441F3862147359900E5412A /* Debug */ = {
			isa = XCBuildConfiguration;
			baseConfigurationReference = 40AEC120969EAEBA238C211D /* Pods-iRoom-Register.debug.xcconfig */;
			buildSettings = {
				ASSETCATALOG_COMPILER_APPICON_NAME = AppIcon;
				CODE_SIGN_STYLE = Automatic;
				DEVELOPMENT_TEAM = 3UMN9SKQEE;
				INFOPLIST_FILE = "iRoom-Register/Info.plist";
				LD_RUNPATH_SEARCH_PATHS = (
					"$(inherited)",
					"@executable_path/Frameworks",
				);
				PRODUCT_BUNDLE_IDENTIFIER = "com.novo30.iRoom-Register";
				PRODUCT_NAME = "$(TARGET_NAME)";
				SWIFT_VERSION = 4.0;
				TARGETED_DEVICE_FAMILY = "1,2";
			};
			name = Debug;
		};
		A441F3872147359900E5412A /* Release */ = {
			isa = XCBuildConfiguration;
			baseConfigurationReference = CE0B16F951352AE9E71AA51D /* Pods-iRoom-Register.release.xcconfig */;
			buildSettings = {
				ASSETCATALOG_COMPILER_APPICON_NAME = AppIcon;
				CODE_SIGN_STYLE = Automatic;
				DEVELOPMENT_TEAM = 3UMN9SKQEE;
				INFOPLIST_FILE = "iRoom-Register/Info.plist";
				LD_RUNPATH_SEARCH_PATHS = (
					"$(inherited)",
					"@executable_path/Frameworks",
				);
				PRODUCT_BUNDLE_IDENTIFIER = "com.novo30.iRoom-Register";
				PRODUCT_NAME = "$(TARGET_NAME)";
				SWIFT_VERSION = 4.0;
				TARGETED_DEVICE_FAMILY = "1,2";
			};
			name = Release;
		};
/* End XCBuildConfiguration section */

/* Begin XCConfigurationList section */
		A441F36E2147359800E5412A /* Build configuration list for PBXProject "iRoom-Register" */ = {
			isa = XCConfigurationList;
			buildConfigurations = (
				A441F3832147359900E5412A /* Debug */,
				A441F3842147359900E5412A /* Release */,
			);
			defaultConfigurationIsVisible = 0;
			defaultConfigurationName = Release;
		};
		A441F3852147359900E5412A /* Build configuration list for PBXNativeTarget "iRoom-Register" */ = {
			isa = XCConfigurationList;
			buildConfigurations = (
				A441F3862147359900E5412A /* Debug */,
				A441F3872147359900E5412A /* Release */,
			);
			defaultConfigurationIsVisible = 0;
			defaultConfigurationName = Release;
		};
/* End XCConfigurationList section */
	};
	rootObject = A441F36B2147359800E5412A /* Project object */;
}
